
Microsoft Visual Studio Solution File, Format Version 12.00
# Visual Studio Version 16
VisualStudioVersion = 16.0.31019.35
MinimumVisualStudioVersion = 10.0.40219.1
Project("{FAE04EC0-301F-11D3-BF4B-00C04F79EFBC}") = "ExemploSwagger", "ExemploSwagger\ExemploSwagger.csproj", "{924E0484-4455-46CA-AE93-DBDB26A5AC18}"
EndProject
Global
	GlobalSection(SolutionConfigurationPlatforms) = preSolution
		Debug|Any CPU = Debug|Any CPU
		Release|Any CPU = Release|Any CPU
	EndGlobalSection
	GlobalSection(ProjectConfigurationPlatforms) = postSolution
		{924E0484-4455-46CA-AE93-DBDB26A5AC18}.Debug|Any CPU.ActiveCfg = Debug|Any CPU
		{924E0484-4455-46CA-AE93-DBDB26A5AC18}.Debug|Any CPU.Build.0 = Debug|Any CPU
		{924E0484-4455-46CA-AE93-DBDB26A5AC18}.Release|Any CPU.ActiveCfg = Release|Any CPU
		{924E0484-4455-46CA-AE93-DBDB26A5AC18}.Release|Any CPU.Build.0 = Release|Any CPU
	EndGlobalSection
	GlobalSection(SolutionProperties) = preSolution
		HideSolutionNode = FALSE
	EndGlobalSection
	GlobalSection(ExtensibilityGlobals) = postSolution
		SolutionGuid = {36B5488B-D71F-4202-8C2B-E1ACAC11F914}
	EndGlobalSection
EndGlobal
